
Microsoft Visual Studio Solution File, Format Version 12.00
# Visual Studio Version 17
VisualStudioVersion = 17.13.35825.156 d17.13
MinimumVisualStudioVersion = 10.0.40219.1
Project("{BBD0F5D1-1CC4-42FD-BA4C-A96779C64378}") = "MakeShare", "MakeShare.synproj", "{3922CE47-B83C-473C-AB6D-5B0128ABAF2D}"
EndProject
Project("{2150E333-8FDC-42A3-9474-1A3956D46DE8}") = "Solution Items", "Solution Items", "{8EC462FD-D22E-90A8-E5CE-7E832BA40C5D}"
	ProjectSection(SolutionItems) = preProject
		.gitignore = .gitignore
		BUILD.COM = BUILD.COM
		LICENSE.MD = LICENSE.MD
		README.MD = README.MD
	EndProjectSection
EndProject
Global
	GlobalSection(SolutionConfigurationPlatforms) = preSolution
		Debug|vms = Debug|vms
		Release|vms = Release|vms
	EndGlobalSection
	GlobalSection(ProjectConfigurationPlatforms) = postSolution
		{3922CE47-B83C-473C-AB6D-5B0128ABAF2D}.Debug|vms.ActiveCfg = Debug|vms
		{3922CE47-B83C-473C-AB6D-5B0128ABAF2D}.Debug|vms.Build.0 = Debug|vms
		{3922CE47-B83C-473C-AB6D-5B0128ABAF2D}.Release|vms.ActiveCfg = Release|vms
		{3922CE47-B83C-473C-AB6D-5B0128ABAF2D}.Release|vms.Build.0 = Release|vms
	EndGlobalSection
	GlobalSection(SolutionProperties) = preSolution
		HideSolutionNode = FALSE
	EndGlobalSection
	GlobalSection(ExtensibilityGlobals) = postSolution
		SolutionGuid = {3F7E4E75-5CE2-4162-AC51-B30F1AD11ECF}
	EndGlobalSection
EndGlobal
